// !$*UTF8*$!
{
	archiveVersion = 1;
	classes = {
	};
	objectVersion = 51;
	objects = {

/* Begin PBXBuildFile section */
		934A6DDF68CC3AAAC9FB19A4 /* Pods_PlacesNearMe.framework in Frameworks */ = {isa = PBXBuildFile; fileRef = 6812E63ED6484092DD870E7A /* Pods_PlacesNearMe.framework */; };
		BB4F0A6024AF96020087F298 /* AppDelegate.swift in Sources */ = {isa = PBXBuildFile; fileRef = BB4F0A5F24AF96020087F298 /* AppDelegate.swift */; };
		BB4F0A6224AF96020087F298 /* SceneDelegate.swift in Sources */ = {isa = PBXBuildFile; fileRef = BB4F0A6124AF96020087F298 /* SceneDelegate.swift */; };
		BB4F0A6724AF96020087F298 /* Main.storyboard in Resources */ = {isa = PBXBuildFile; fileRef = BB4F0A6524AF96020087F298 /* Main.storyboard */; };
		BB4F0A6A24AF96020087F298 /* PlacesNearMe.xcdatamodeld in Sources */ = {isa = PBXBuildFile; fileRef = BB4F0A6824AF96020087F298 /* PlacesNearMe.xcdatamodeld */; };
		BB4F0A6C24AF96050087F298 /* Assets.xcassets in Resources */ = {isa = PBXBuildFile; fileRef = BB4F0A6B24AF96050087F298 /* Assets.xcassets */; };
		BB4F0A6F24AF96050087F298 /* LaunchScreen.storyboard in Resources */ = {isa = PBXBuildFile; fileRef = BB4F0A6D24AF96050087F298 /* LaunchScreen.storyboard */; };
		BB4F0A7924AF9B900087F298 /* MapViewController.swift in Sources */ = {isa = PBXBuildFile; fileRef = BB4F0A7824AF9B900087F298 /* MapViewController.swift */; };
		BB4F0A7B24AF9C010087F298 /* Constants.swift in Sources */ = {isa = PBXBuildFile; fileRef = BB4F0A7A24AF9C010087F298 /* Constants.swift */; };
		BB4F0A7D24AF9F3C0087F298 /* Licence.swift in Sources */ = {isa = PBXBuildFile; fileRef = BB4F0A7C24AF9F3C0087F298 /* Licence.swift */; };
		BB4F0A8224AFA3020087F298 /* Place+CoreDataClass.swift in Sources */ = {isa = PBXBuildFile; fileRef = BB4F0A8024AFA3020087F298 /* Place+CoreDataClass.swift */; };
		BB4F0A8324AFA3020087F298 /* Place+CoreDataProperties.swift in Sources */ = {isa = PBXBuildFile; fileRef = BB4F0A8124AFA3020087F298 /* Place+CoreDataProperties.swift */; };
		BB4F0A8624AFA3BB0087F298 /* AttributeName.swift in Sources */ = {isa = PBXBuildFile; fileRef = BB4F0A8524AFA3BB0087F298 /* AttributeName.swift */; };
/* End PBXBuildFile section */

/* Begin PBXFileReference section */
		4039E66BC4C381BAE35E92AB /* Pods-PlacesNearMe.release.xcconfig */ = {isa = PBXFileReference; includeInIndex = 1; lastKnownFileType = text.xcconfig; name = "Pods-PlacesNearMe.release.xcconfig"; path = "Target Support Files/Pods-PlacesNearMe/Pods-PlacesNearMe.release.xcconfig"; sourceTree = "<group>"; };
		6812E63ED6484092DD870E7A /* Pods_PlacesNearMe.framework */ = {isa = PBXFileReference; explicitFileType = wrapper.framework; includeInIndex = 0; path = Pods_PlacesNearMe.framework; sourceTree = BUILT_PRODUCTS_DIR; };
		987638AEB23301E5151615B4 /* Pods-PlacesNearMe.debug.xcconfig */ = {isa = PBXFileReference; includeInIndex = 1; lastKnownFileType = text.xcconfig; name = "Pods-PlacesNearMe.debug.xcconfig"; path = "Target Support Files/Pods-PlacesNearMe/Pods-PlacesNearMe.debug.xcconfig"; sourceTree = "<group>"; };
		BB4F0A5C24AF96020087F298 /* PlacesNearMe.app */ = {isa = PBXFileReference; explicitFileType = wrapper.application; includeInIndex = 0; path = PlacesNearMe.app; sourceTree = BUILT_PRODUCTS_DIR; };
		BB4F0A5F24AF96020087F298 /* AppDelegate.swift */ = {isa = PBXFileReference; lastKnownFileType = sourcecode.swift; path = AppDelegate.swift; sourceTree = "<group>"; };
		BB4F0A6124AF96020087F298 /* SceneDelegate.swift */ = {isa = PBXFileReference; lastKnownFileType = sourcecode.swift; path = SceneDelegate.swift; sourceTree = "<group>"; };
		BB4F0A6624AF96020087F298 /* Base */ = {isa = PBXFileReference; lastKnownFileType = file.storyboard; name = Base; path = Base.lproj/Main.storyboard; sourceTree = "<group>"; };
		BB4F0A6924AF96020087F298 /* PlacesNearMe.xcdatamodel */ = {isa = PBXFileReference; lastKnownFileType = wrapper.xcdatamodel; path = PlacesNearMe.xcdatamodel; sourceTree = "<group>"; };
		BB4F0A6B24AF96050087F298 /* Assets.xcassets */ = {isa = PBXFileReference; lastKnownFileType = folder.assetcatalog; path = Assets.xcassets; sourceTree = "<group>"; };
		BB4F0A6E24AF96050087F298 /* Base */ = {isa = PBXFileReference; lastKnownFileType = file.storyboard; name = Base; path = Base.lproj/LaunchScreen.storyboard; sourceTree = "<group>"; };
		BB4F0A7024AF96050087F298 /* Info.plist */ = {isa = PBXFileReference; lastKnownFileType = text.plist.xml; path = Info.plist; sourceTree = "<group>"; };
		BB4F0A7824AF9B900087F298 /* MapViewController.swift */ = {isa = PBXFileReference; lastKnownFileType = sourcecode.swift; path = MapViewController.swift; sourceTree = "<group>"; };
		BB4F0A7A24AF9C010087F298 /* Constants.swift */ = {isa = PBXFileReference; lastKnownFileType = sourcecode.swift; path = Constants.swift; sourceTree = "<group>"; };
		BB4F0A7C24AF9F3C0087F298 /* Licence.swift */ = {isa = PBXFileReference; lastKnownFileType = sourcecode.swift; path = Licence.swift; sourceTree = "<group>"; };
		BB4F0A8024AFA3020087F298 /* Place+CoreDataClass.swift */ = {isa = PBXFileReference; lastKnownFileType = sourcecode.swift; path = "Place+CoreDataClass.swift"; sourceTree = "<group>"; };
		BB4F0A8124AFA3020087F298 /* Place+CoreDataProperties.swift */ = {isa = PBXFileReference; lastKnownFileType = sourcecode.swift; path = "Place+CoreDataProperties.swift"; sourceTree = "<group>"; };
		BB4F0A8524AFA3BB0087F298 /* AttributeName.swift */ = {isa = PBXFileReference; lastKnownFileType = sourcecode.swift; path = AttributeName.swift; sourceTree = "<group>"; };
/* End PBXFileReference section */

/* Begin PBXFrameworksBuildPhase section */
		BB4F0A5924AF96010087F298 /* Frameworks */ = {
			isa = PBXFrameworksBuildPhase;
			buildActionMask = 2147483647;
			files = (
				934A6DDF68CC3AAAC9FB19A4 /* Pods_PlacesNearMe.framework in Frameworks */,
			);
			runOnlyForDeploymentPostprocessing = 0;
		};
/* End PBXFrameworksBuildPhase section */

/* Begin PBXGroup section */
		7991011545DD4BC6E5B74B4F /* Frameworks */ = {
			isa = PBXGroup;
			children = (
				6812E63ED6484092DD870E7A /* Pods_PlacesNearMe.framework */,
			);
			name = Frameworks;
			sourceTree = "<group>";
		};
		BB4F0A5324AF96010087F298 = {
			isa = PBXGroup;
			children = (
				BB4F0A5E24AF96020087F298 /* PlacesNearMe */,
				BB4F0A5D24AF96020087F298 /* Products */,
				D4A10F3C19119D5F32A7C1BC /* Pods */,
				7991011545DD4BC6E5B74B4F /* Frameworks */,
			);
			sourceTree = "<group>";
		};
		BB4F0A5D24AF96020087F298 /* Products */ = {
			isa = PBXGroup;
			children = (
				BB4F0A5C24AF96020087F298 /* PlacesNearMe.app */,
			);
			name = Products;
			sourceTree = "<group>";
		};
		BB4F0A5E24AF96020087F298 /* PlacesNearMe */ = {
			isa = PBXGroup;
			children = (
				BB4F0A7A24AF9C010087F298 /* Constants.swift */,
				BB4F0A7C24AF9F3C0087F298 /* Licence.swift */,
				BB4F0A7E24AFA2040087F298 /* Model */,
				BB4F0A7724AF9B6E0087F298 /* ViewControllers */,
				BB4F0A8424AFA3470087F298 /* Helpers */,
				BB4F0A5F24AF96020087F298 /* AppDelegate.swift */,
				BB4F0A6124AF96020087F298 /* SceneDelegate.swift */,
				BB4F0A6524AF96020087F298 /* Main.storyboard */,
				BB4F0A6B24AF96050087F298 /* Assets.xcassets */,
				BB4F0A6D24AF96050087F298 /* LaunchScreen.storyboard */,
				BB4F0A7024AF96050087F298 /* Info.plist */,
			);
			path = PlacesNearMe;
			sourceTree = "<group>";
		};
		BB4F0A7724AF9B6E0087F298 /* ViewControllers */ = {
			isa = PBXGroup;
			children = (
				BB4F0A7824AF9B900087F298 /* MapViewController.swift */,
			);
			path = ViewControllers;
			sourceTree = "<group>";
		};
		BB4F0A7E24AFA2040087F298 /* Model */ = {
			isa = PBXGroup;
			children = (
				BB4F0A7F24AFA2DA0087F298 /* Place */,
				BB4F0A6824AF96020087F298 /* PlacesNearMe.xcdatamodeld */,
			);
			path = Model;
			sourceTree = "<group>";
		};
		BB4F0A7F24AFA2DA0087F298 /* Place */ = {
			isa = PBXGroup;
			children = (
				BB4F0A8024AFA3020087F298 /* Place+CoreDataClass.swift */,
				BB4F0A8124AFA3020087F298 /* Place+CoreDataProperties.swift */,
			);
			path = Place;
			sourceTree = "<group>";
		};
		BB4F0A8424AFA3470087F298 /* Helpers */ = {
			isa = PBXGroup;
			children = (
				BB4F0A8524AFA3BB0087F298 /* AttributeName.swift */,
			);
			path = Helpers;
			sourceTree = "<group>";
		};
		D4A10F3C19119D5F32A7C1BC /* Pods */ = {
			isa = PBXGroup;
			children = (
				987638AEB23301E5151615B4 /* Pods-PlacesNearMe.debug.xcconfig */,
				4039E66BC4C381BAE35E92AB /* Pods-PlacesNearMe.release.xcconfig */,
			);
			path = Pods;
			sourceTree = "<group>";
		};
/* End PBXGroup section */

/* Begin PBXNativeTarget section */
		BB4F0A5B24AF96010087F298 /* PlacesNearMe */ = {
			isa = PBXNativeTarget;
			buildConfigurationList = BB4F0A7324AF96050087F298 /* Build configuration list for PBXNativeTarget "PlacesNearMe" */;
			buildPhases = (
				2BEDBCAA736DA70830AECFB8 /* [CP] Check Pods Manifest.lock */,
				BB4F0A5824AF96010087F298 /* Sources */,
				BB4F0A5924AF96010087F298 /* Frameworks */,
				BB4F0A5A24AF96010087F298 /* Resources */,
				FDD4B63F82D465D583286EB7 /* [CP] Embed Pods Frameworks */,
				8E03AE65594442ACCB5AD2C0 /* [CP] Copy Pods Resources */,
				BB4F0A7624AF98450087F298 /* ShellScript */,
			);
			buildRules = (
			);
			dependencies = (
			);
			name = PlacesNearMe;
			productName = PlacesNearMe;
			productReference = BB4F0A5C24AF96020087F298 /* PlacesNearMe.app */;
			productType = "com.apple.product-type.application";
		};
/* End PBXNativeTarget section */

/* Begin PBXProject section */
		BB4F0A5424AF96010087F298 /* Project object */ = {
			isa = PBXProject;
			attributes = {
				LastSwiftUpdateCheck = 1150;
				LastUpgradeCheck = 1150;
				ORGANIZATIONNAME = omaid.;
				TargetAttributes = {
					BB4F0A5B24AF96010087F298 = {
						CreatedOnToolsVersion = 11.5;
					};
				};
			};
			buildConfigurationList = BB4F0A5724AF96010087F298 /* Build configuration list for PBXProject "PlacesNearMe" */;
			compatibilityVersion = "Xcode 9.3";
			developmentRegion = en;
			hasScannedForEncodings = 0;
			knownRegions = (
				en,
				Base,
			);
			mainGroup = BB4F0A5324AF96010087F298;
			productRefGroup = BB4F0A5D24AF96020087F298 /* Products */;
			projectDirPath = "";
			projectRoot = "";
			targets = (
				BB4F0A5B24AF96010087F298 /* PlacesNearMe */,
			);
		};
/* End PBXProject section */

/* Begin PBXResourcesBuildPhase section */
		BB4F0A5A24AF96010087F298 /* Resources */ = {
			isa = PBXResourcesBuildPhase;
			buildActionMask = 2147483647;
			files = (
				BB4F0A6F24AF96050087F298 /* LaunchScreen.storyboard in Resources */,
				BB4F0A6C24AF96050087F298 /* Assets.xcassets in Resources */,
				BB4F0A6724AF96020087F298 /* Main.storyboard in Resources */,
			);
			runOnlyForDeploymentPostprocessing = 0;
		};
/* End PBXResourcesBuildPhase section */

/* Begin PBXShellScriptBuildPhase section */
		2BEDBCAA736DA70830AECFB8 /* [CP] Check Pods Manifest.lock */ = {
			isa = PBXShellScriptBuildPhase;
			buildActionMask = 2147483647;
			files = (
			);
			inputFileListPaths = (
			);
			inputPaths = (
				"${PODS_PODFILE_DIR_PATH}/Podfile.lock",
				"${PODS_ROOT}/Manifest.lock",
			);
			name = "[CP] Check Pods Manifest.lock";
			outputFileListPaths = (
			);
			outputPaths = (
				"$(DERIVED_FILE_DIR)/Pods-PlacesNearMe-checkManifestLockResult.txt",
			);
			runOnlyForDeploymentPostprocessing = 0;
			shellPath = /bin/sh;
			shellScript = "diff \"${PODS_PODFILE_DIR_PATH}/Podfile.lock\" \"${PODS_ROOT}/Manifest.lock\" > /dev/null\nif [ $? != 0 ] ; then\n    # print error to STDERR\n    echo \"error: The sandbox is not in sync with the Podfile.lock. Run 'pod install' or update your CocoaPods installation.\" >&2\n    exit 1\nfi\n# This output is used by Xcode 'outputs' to avoid re-running this script phase.\necho \"SUCCESS\" > \"${SCRIPT_OUTPUT_FILE_0}\"\n";
			showEnvVarsInLog = 0;
		};
		8E03AE65594442ACCB5AD2C0 /* [CP] Copy Pods Resources */ = {
			isa = PBXShellScriptBuildPhase;
			buildActionMask = 2147483647;
			files = (
			);
			inputFileListPaths = (
				"${PODS_ROOT}/Target Support Files/Pods-PlacesNearMe/Pods-PlacesNearMe-resources-${CONFIGURATION}-input-files.xcfilelist",
			);
			name = "[CP] Copy Pods Resources";
			outputFileListPaths = (
				"${PODS_ROOT}/Target Support Files/Pods-PlacesNearMe/Pods-PlacesNearMe-resources-${CONFIGURATION}-output-files.xcfilelist",
			);
			runOnlyForDeploymentPostprocessing = 0;
			shellPath = /bin/sh;
			shellScript = "\"${PODS_ROOT}/Target Support Files/Pods-PlacesNearMe/Pods-PlacesNearMe-resources.sh\"\n";
			showEnvVarsInLog = 0;
		};
		BB4F0A7624AF98450087F298 /* ShellScript */ = {
			isa = PBXShellScriptBuildPhase;
			buildActionMask = 2147483647;
			files = (
			);
			inputFileListPaths = (
			);
			inputPaths = (
			);
			outputFileListPaths = (
			);
			outputPaths = (
			);
			runOnlyForDeploymentPostprocessing = 0;
			shellPath = /bin/sh;
			shellScript = "${PODS_ROOT}/SwiftLint/swiftlint autocorrect\n${PODS_ROOT}/SwiftLint/swiftlint\n";
		};
		FDD4B63F82D465D583286EB7 /* [CP] Embed Pods Frameworks */ = {
			isa = PBXShellScriptBuildPhase;
			buildActionMask = 2147483647;
			files = (
			);
			inputFileListPaths = (
				"${PODS_ROOT}/Target Support Files/Pods-PlacesNearMe/Pods-PlacesNearMe-frameworks-${CONFIGURATION}-input-files.xcfilelist",
			);
			name = "[CP] Embed Pods Frameworks";
			outputFileListPaths = (
				"${PODS_ROOT}/Target Support Files/Pods-PlacesNearMe/Pods-PlacesNearMe-frameworks-${CONFIGURATION}-output-files.xcfilelist",
			);
			runOnlyForDeploymentPostprocessing = 0;
			shellPath = /bin/sh;
			shellScript = "\"${PODS_ROOT}/Target Support Files/Pods-PlacesNearMe/Pods-PlacesNearMe-frameworks.sh\"\n";
			showEnvVarsInLog = 0;
		};
/* End PBXShellScriptBuildPhase section */

/* Begin PBXSourcesBuildPhase section */
		BB4F0A5824AF96010087F298 /* Sources */ = {
			isa = PBXSourcesBuildPhase;
			buildActionMask = 2147483647;
			files = (
				BB4F0A7B24AF9C010087F298 /* Constants.swift in Sources */,
				BB4F0A8624AFA3BB0087F298 /* AttributeName.swift in Sources */,
				BB4F0A8324AFA3020087F298 /* Place+CoreDataProperties.swift in Sources */,
				BB4F0A7D24AF9F3C0087F298 /* Licence.swift in Sources */,
				BB4F0A8224AFA3020087F298 /* Place+CoreDataClass.swift in Sources */,
				BB4F0A6A24AF96020087F298 /* PlacesNearMe.xcdatamodeld in Sources */,
				BB4F0A6024AF96020087F298 /* AppDelegate.swift in Sources */,
				BB4F0A6224AF96020087F298 /* SceneDelegate.swift in Sources */,
				BB4F0A7924AF9B900087F298 /* MapViewController.swift in Sources */,
			);
			runOnlyForDeploymentPostprocessing = 0;
		};
/* End PBXSourcesBuildPhase section */

/* Begin PBXVariantGroup section */
		BB4F0A6524AF96020087F298 /* Main.storyboard */ = {
			isa = PBXVariantGroup;
			children = (
				BB4F0A6624AF96020087F298 /* Base */,
			);
			name = Main.storyboard;
			sourceTree = "<group>";
		};
		BB4F0A6D24AF96050087F298 /* LaunchScreen.storyboard */ = {
			isa = PBXVariantGroup;
			children = (
				BB4F0A6E24AF96050087F298 /* Base */,
			);
			name = LaunchScreen.storyboard;
			sourceTree = "<group>";
		};
/* End PBXVariantGroup section */

/* Begin XCBuildConfiguration section */
		BB4F0A7124AF96050087F298 /* Debug */ = {
			isa = XCBuildConfiguration;
			buildSettings = {
				ALWAYS_SEARCH_USER_PATHS = NO;
				CLANG_ANALYZER_NONNULL = YES;
				CLANG_ANALYZER_NUMBER_OBJECT_CONVERSION = YES_AGGRESSIVE;
				CLANG_CXX_LANGUAGE_STANDARD = "gnu++14";
				CLANG_CXX_LIBRARY = "libc++";
				CLANG_ENABLE_MODULES = YES;
				CLANG_ENABLE_OBJC_ARC = YES;
				CLANG_ENABLE_OBJC_WEAK = YES;
				CLANG_WARN_BLOCK_CAPTURE_AUTORELEASING = YES;
				CLANG_WARN_BOOL_CONVERSION = YES;
				CLANG_WARN_COMMA = YES;
				CLANG_WARN_CONSTANT_CONVERSION = YES;
				CLANG_WARN_DEPRECATED_OBJC_IMPLEMENTATIONS = YES;
				CLANG_WARN_DIRECT_OBJC_ISA_USAGE = YES_ERROR;
				CLANG_WARN_DOCUMENTATION_COMMENTS = YES;
				CLANG_WARN_EMPTY_BODY = YES;
				CLANG_WARN_ENUM_CONVERSION = YES;
				CLANG_WARN_INFINITE_RECURSION = YES;
				CLANG_WARN_INT_CONVERSION = YES;
				CLANG_WARN_NON_LITERAL_NULL_CONVERSION = YES;
				CLANG_WARN_OBJC_IMPLICIT_RETAIN_SELF = YES;
				CLANG_WARN_OBJC_LITERAL_CONVERSION = YES;
				CLANG_WARN_OBJC_ROOT_CLASS = YES_ERROR;
				CLANG_WARN_RANGE_LOOP_ANALYSIS = YES;
				CLANG_WARN_STRICT_PROTOTYPES = YES;
				CLANG_WARN_SUSPICIOUS_MOVE = YES;
				CLANG_WARN_UNGUARDED_AVAILABILITY = YES_AGGRESSIVE;
				CLANG_WARN_UNREACHABLE_CODE = YES;
				CLANG_WARN__DUPLICATE_METHOD_MATCH = YES;
				COPY_PHASE_STRIP = NO;
				DEBUG_INFORMATION_FORMAT = dwarf;
				ENABLE_STRICT_OBJC_MSGSEND = YES;
				ENABLE_TESTABILITY = YES;
				GCC_C_LANGUAGE_STANDARD = gnu11;
				GCC_DYNAMIC_NO_PIC = NO;
				GCC_NO_COMMON_BLOCKS = YES;
				GCC_OPTIMIZATION_LEVEL = 0;
				GCC_PREPROCESSOR_DEFINITIONS = (
					"DEBUG=1",
					"$(inherited)",
				);
				GCC_WARN_64_TO_32_BIT_CONVERSION = YES;
				GCC_WARN_ABOUT_RETURN_TYPE = YES_ERROR;
				GCC_WARN_UNDECLARED_SELECTOR = YES;
				GCC_WARN_UNINITIALIZED_AUTOS = YES_AGGRESSIVE;
				GCC_WARN_UNUSED_FUNCTION = YES;
				GCC_WARN_UNUSED_VARIABLE = YES;
				IPHONEOS_DEPLOYMENT_TARGET = 13.5;
				MTL_ENABLE_DEBUG_INFO = INCLUDE_SOURCE;
				MTL_FAST_MATH = YES;
				ONLY_ACTIVE_ARCH = YES;
				SDKROOT = iphoneos;
				SWIFT_ACTIVE_COMPILATION_CONDITIONS = DEBUG;
				SWIFT_OPTIMIZATION_LEVEL = "-Onone";
			};
			name = Debug;
		};
		BB4F0A7224AF96050087F298 /* Release */ = {
			isa = XCBuildConfiguration;
			buildSettings = {
				ALWAYS_SEARCH_USER_PATHS = NO;
				CLANG_ANALYZER_NONNULL = YES;
				CLANG_ANALYZER_NUMBER_OBJECT_CONVERSION = YES_AGGRESSIVE;
				CLANG_CXX_LANGUAGE_STANDARD = "gnu++14";
				CLANG_CXX_LIBRARY = "libc++";
				CLANG_ENABLE_MODULES = YES;
				CLANG_ENABLE_OBJC_ARC = YES;
				CLANG_ENABLE_OBJC_WEAK = YES;
				CLANG_WARN_BLOCK_CAPTURE_AUTORELEASING = YES;
				CLANG_WARN_BOOL_CONVERSION = YES;
				CLANG_WARN_COMMA = YES;
				CLANG_WARN_CONSTANT_CONVERSION = YES;
				CLANG_WARN_DEPRECATED_OBJC_IMPLEMENTATIONS = YES;
				CLANG_WARN_DIRECT_OBJC_ISA_USAGE = YES_ERROR;
				CLANG_WARN_DOCUMENTATION_COMMENTS = YES;
				CLANG_WARN_EMPTY_BODY = YES;
				CLANG_WARN_ENUM_CONVERSION = YES;
				CLANG_WARN_INFINITE_RECURSION = YES;
				CLANG_WARN_INT_CONVERSION = YES;
				CLANG_WARN_NON_LITERAL_NULL_CONVERSION = YES;
				CLANG_WARN_OBJC_IMPLICIT_RETAIN_SELF = YES;
				CLANG_WARN_OBJC_LITERAL_CONVERSION = YES;
				CLANG_WARN_OBJC_ROOT_CLASS = YES_ERROR;
				CLANG_WARN_RANGE_LOOP_ANALYSIS = YES;
				CLANG_WARN_STRICT_PROTOTYPES = YES;
				CLANG_WARN_SUSPICIOUS_MOVE = YES;
				CLANG_WARN_UNGUARDED_AVAILABILITY = YES_AGGRESSIVE;
				CLANG_WARN_UNREACHABLE_CODE = YES;
				CLANG_WARN__DUPLICATE_METHOD_MATCH = YES;
				COPY_PHASE_STRIP = NO;
				DEBUG_INFORMATION_FORMAT = "dwarf-with-dsym";
				ENABLE_NS_ASSERTIONS = NO;
				ENABLE_STRICT_OBJC_MSGSEND = YES;
				GCC_C_LANGUAGE_STANDARD = gnu11;
				GCC_NO_COMMON_BLOCKS = YES;
				GCC_WARN_64_TO_32_BIT_CONVERSION = YES;
				GCC_WARN_ABOUT_RETURN_TYPE = YES_ERROR;
				GCC_WARN_UNDECLARED_SELECTOR = YES;
				GCC_WARN_UNINITIALIZED_AUTOS = YES_AGGRESSIVE;
				GCC_WARN_UNUSED_FUNCTION = YES;
				GCC_WARN_UNUSED_VARIABLE = YES;
				IPHONEOS_DEPLOYMENT_TARGET = 13.5;
				MTL_ENABLE_DEBUG_INFO = NO;
				MTL_FAST_MATH = YES;
				SDKROOT = iphoneos;
				SWIFT_COMPILATION_MODE = wholemodule;
				SWIFT_OPTIMIZATION_LEVEL = "-O";
				VALIDATE_PRODUCT = YES;
			};
			name = Release;
		};
		BB4F0A7424AF96050087F298 /* Debug */ = {
			isa = XCBuildConfiguration;
			baseConfigurationReference = 987638AEB23301E5151615B4 /* Pods-PlacesNearMe.debug.xcconfig */;
			buildSettings = {
				ASSETCATALOG_COMPILER_APPICON_NAME = AppIcon;
				CODE_SIGN_STYLE = Automatic;
				DEVELOPMENT_TEAM = 34FKDY98BY;
				INFOPLIST_FILE = PlacesNearMe/Info.plist;
				LD_RUNPATH_SEARCH_PATHS = (
					"$(inherited)",
					"@executable_path/Frameworks",
				);
				PRODUCT_BUNDLE_IDENTIFIER = omaid.demo.PlacesNearMe;
				PRODUCT_NAME = "$(TARGET_NAME)";
				SWIFT_VERSION = 5.0;
				TARGETED_DEVICE_FAMILY = 1;
			};
			name = Debug;
		};
		BB4F0A7524AF96050087F298 /* Release */ = {
			isa = XCBuildConfiguration;
			baseConfigurationReference = 4039E66BC4C381BAE35E92AB /* Pods-PlacesNearMe.release.xcconfig */;
			buildSettings = {
				ASSETCATALOG_COMPILER_APPICON_NAME = AppIcon;
				CODE_SIGN_STYLE = Automatic;
				DEVELOPMENT_TEAM = 34FKDY98BY;
				INFOPLIST_FILE = PlacesNearMe/Info.plist;
				LD_RUNPATH_SEARCH_PATHS = (
					"$(inherited)",
					"@executable_path/Frameworks",
				);
				PRODUCT_BUNDLE_IDENTIFIER = omaid.demo.PlacesNearMe;
				PRODUCT_NAME = "$(TARGET_NAME)";
				SWIFT_VERSION = 5.0;
				TARGETED_DEVICE_FAMILY = 1;
			};
			name = Release;
		};
/* End XCBuildConfiguration section */

/* Begin XCConfigurationList section */
		BB4F0A5724AF96010087F298 /* Build configuration list for PBXProject "PlacesNearMe" */ = {
			isa = XCConfigurationList;
			buildConfigurations = (
				BB4F0A7124AF96050087F298 /* Debug */,
				BB4F0A7224AF96050087F298 /* Release */,
			);
			defaultConfigurationIsVisible = 0;
			defaultConfigurationName = Release;
		};
		BB4F0A7324AF96050087F298 /* Build configuration list for PBXNativeTarget "PlacesNearMe" */ = {
			isa = XCConfigurationList;
			buildConfigurations = (
				BB4F0A7424AF96050087F298 /* Debug */,
				BB4F0A7524AF96050087F298 /* Release */,
			);
			defaultConfigurationIsVisible = 0;
			defaultConfigurationName = Release;
		};
/* End XCConfigurationList section */

/* Begin XCVersionGroup section */
		BB4F0A6824AF96020087F298 /* PlacesNearMe.xcdatamodeld */ = {
			isa = XCVersionGroup;
			children = (
				BB4F0A6924AF96020087F298 /* PlacesNearMe.xcdatamodel */,
			);
			currentVersion = BB4F0A6924AF96020087F298 /* PlacesNearMe.xcdatamodel */;
			path = PlacesNearMe.xcdatamodeld;
			sourceTree = "<group>";
			versionGroupType = wrapper.xcdatamodel;
		};
/* End XCVersionGroup section */
	};
	rootObject = BB4F0A5424AF96010087F298 /* Project object */;
}
